// !$*UTF8*$!
{
	archiveVersion = 1;
	classes = {
	};
	objectVersion = 77;
	objects = {

/* Begin PBXBuildFile section */
		TOTO00000000000000000012 /* TotogotchiCore in Frameworks */ = {isa = PBXBuildFile; productRef = TOTO00000000000000000011 /* TotogotchiCore */; };
/* End PBXBuildFile section */

/* Begin PBXFileReference section */
		TOTO00000000000000000005 /* Totogotchi.app */ = {isa = PBXFileReference; explicitFileType = wrapper.application; includeInIndex = 0; path = Totogotchi.app; sourceTree = BUILT_PRODUCTS_DIR; };
		TOTO00000000000000000013 /* Totogotchi.entitlements */ = {isa = PBXFileReference; lastKnownFileType = text.plist.entitlements; path = Totogotchi.entitlements; sourceTree = "<group>"; };
/* End PBXFileReference section */

/* Begin PBXFileSystemSynchronizedRootGroup section */
		TOTO00000000000000000006 /* Totogotchi */ = {isa = PBXFileSystemSynchronizedRootGroup; path = Totogotchi; sourceTree = "<group>"; };
/* End PBXFileSystemSynchronizedRootGroup section */

/* Begin PBXFrameworksBuildPhase section */
		TOTO0000000000000000000E /* Frameworks */ = {
			isa = PBXFrameworksBuildPhase;
			buildActionMask = 2147483647;
			files = (
				TOTO00000000000000000012 /* TotogotchiCore in Frameworks */,
			);
			runOnlyForDeploymentPostprocessing = 0;
		};
/* End PBXFrameworksBuildPhase section */

/* Begin PBXGroup section */
		TOTO00000000000000000003 = {
			isa = PBXGroup;
			children = (
				TOTO00000000000000000006 /* Totogotchi */,
				TOTO00000000000000000014 /* Config */,
				TOTO00000000000000000004 /* Products */,
			);
			sourceTree = "<group>";
		};
		TOTO00000000000000000014 /* Config */ = {
			isa = PBXGroup;
			children = (
				TOTO00000000000000000013 /* Totogotchi.entitlements */,
			);
			path = Config;
			sourceTree = "<group>";
		};
		TOTO00000000000000000004 /* Products */ = {
			isa = PBXGroup;
			children = (
				TOTO00000000000000000005 /* Totogotchi.app */,
			);
			name = Products;
			sourceTree = "<group>";
		};
/* End PBXGroup section */

/* Begin PBXNativeTarget section */
		TOTO00000000000000000002 /* Totogotchi */ = {
			isa = PBXNativeTarget;
			buildConfigurationList = TOTO00000000000000000008 /* Build configuration list for PBXNativeTarget "Totogotchi" */;
			buildPhases = (
				TOTO0000000000000000000D /* Sources */,
				TOTO0000000000000000000E /* Frameworks */,
				TOTO0000000000000000000F /* Resources */,
			);
			buildRules = (
			);
			dependencies = (
			);
			fileSystemSynchronizedGroups = (
				TOTO00000000000000000006 /* Totogotchi */,
			);
			name = Totogotchi;
			packageProductDependencies = (
				TOTO00000000000000000011 /* TotogotchiCore */,
			);
			productName = Totogotchi;
			productReference = TOTO00000000000000000005 /* Totogotchi.app */;
			productType = "com.apple.product-type.application";
		};
/* End PBXNativeTarget section */

/* Begin PBXProject section */
		TOTO00000000000000000001 /* Project object */ = {
			isa = PBXProject;
			attributes = {
				BuildIndependentTargetsInParallel = 1;
				LastSwiftUpdateCheck = 2660;
				LastUpgradeCheck = 2660;
				TargetAttributes = {
					TOTO00000000000000000002 = {
						CreatedOnToolsVersion = 26.6;
					};
				};
			};
			buildConfigurationList = TOTO00000000000000000007 /* Build configuration list for PBXProject "Totogotchi" */;
			developmentRegion = en;
			hasScannedForEncodings = 0;
			knownRegions = (
				en,
				Base,
			);
			mainGroup = TOTO00000000000000000003;
			minimizedProjectReferenceProxies = 1;
			packageReferences = (
				TOTO00000000000000000010 /* XCLocalSwiftPackageReference "TotogotchiCore" */,
			);
			preferredProjectObjectVersion = 77;
			productRefGroup = TOTO00000000000000000004 /* Products */;
			projectDirPath = "";
			projectRoot = "";
			targets = (
				TOTO00000000000000000002 /* Totogotchi */,
			);
		};
/* End PBXProject section */

/* Begin PBXResourcesBuildPhase section */
		TOTO0000000000000000000F /* Resources */ = {
			isa = PBXResourcesBuildPhase;
			buildActionMask = 2147483647;
			files = (
			);
			runOnlyForDeploymentPostprocessing = 0;
		};
/* End PBXResourcesBuildPhase section */

/* Begin PBXSourcesBuildPhase section */
		TOTO0000000000000000000D /* Sources */ = {
			isa = PBXSourcesBuildPhase;
			buildActionMask = 2147483647;
			files = (
			);
			runOnlyForDeploymentPostprocessing = 0;
		};
/* End PBXSourcesBuildPhase section */

/* Begin XCBuildConfiguration section */
		TOTO00000000000000000009 /* Debug */ = {
			isa = XCBuildConfiguration;
			buildSettings = {
				ALWAYS_SEARCH_USER_PATHS = NO;
				ASSETCATALOG_COMPILER_GENERATE_SWIFT_ASSET_SYMBOL_EXTENSIONS = YES;
				CLANG_ENABLE_OBJC_WEAK = YES;
				CLANG_WARN_DOCUMENTATION_COMMENTS = YES;
				COPY_PHASE_STRIP = NO;
				ENABLE_STRICT_OBJC_MSGSEND = YES;
				ENABLE_USER_SCRIPT_SANDBOXING = YES;
				GCC_NO_COMMON_BLOCKS = YES;
				LOCALIZATION_PREFERS_STRING_CATALOGS = YES;
				MACOSX_DEPLOYMENT_TARGET = 14.0;
				SDKROOT = macosx;
				SWIFT_EMIT_LOC_STRINGS = YES;
				SWIFT_VERSION = 5.0;
				DEBUG_INFORMATION_FORMAT = dwarf;
				ENABLE_TESTABILITY = YES;
				GCC_OPTIMIZATION_LEVEL = 0;
				GCC_PREPROCESSOR_DEFINITIONS = (
					"DEBUG=1",
					"$(inherited)",
				);
				MTL_ENABLE_DEBUG_INFO = INCLUDE_SOURCE;
				ONLY_ACTIVE_ARCH = YES;
				SWIFT_ACTIVE_COMPILATION_CONDITIONS = "DEBUG $(inherited)";
				SWIFT_OPTIMIZATION_LEVEL = "-Onone";
			};
			name = Debug;
		};
		TOTO0000000000000000000A /* Release */ = {
			isa = XCBuildConfiguration;
			buildSettings = {
				ALWAYS_SEARCH_USER_PATHS = NO;
				ASSETCATALOG_COMPILER_GENERATE_SWIFT_ASSET_SYMBOL_EXTENSIONS = YES;
				CLANG_ENABLE_OBJC_WEAK = YES;
				CLANG_WARN_DOCUMENTATION_COMMENTS = YES;
				COPY_PHASE_STRIP = NO;
				ENABLE_STRICT_OBJC_MSGSEND = YES;
				ENABLE_USER_SCRIPT_SANDBOXING = YES;
				GCC_NO_COMMON_BLOCKS = YES;
				LOCALIZATION_PREFERS_STRING_CATALOGS = YES;
				MACOSX_DEPLOYMENT_TARGET = 14.0;
				SDKROOT = macosx;
				SWIFT_EMIT_LOC_STRINGS = YES;
				SWIFT_VERSION = 5.0;
				DEBUG_INFORMATION_FORMAT = "dwarf-with-dsym";
				ENABLE_NS_ASSERTIONS = NO;
				MTL_ENABLE_DEBUG_INFO = NO;
				SWIFT_COMPILATION_MODE = wholemodule;
			};
			name = Release;
		};
		TOTO0000000000000000000B /* Debug */ = {
			isa = XCBuildConfiguration;
			buildSettings = {
				CODE_SIGN_ENTITLEMENTS = Config/Totogotchi.entitlements;
				CODE_SIGN_IDENTITY = "-";
				CODE_SIGN_STYLE = Manual;
				COMBINE_HIDPI_IMAGES = YES;
				CURRENT_PROJECT_VERSION = 1;
				DEVELOPMENT_TEAM = "";
				ENABLE_HARDENED_RUNTIME = YES;
				GENERATE_INFOPLIST_FILE = YES;
				INFOPLIST_KEY_LSUIElement = YES;
				INFOPLIST_KEY_NSHumanReadableCopyright = "";
				MARKETING_VERSION = 0.1;
				PRODUCT_BUNDLE_IDENTIFIER = com.esauortega.Totogotchi;
				PRODUCT_NAME = "$(TARGET_NAME)";
				SWIFT_EMIT_LOC_STRINGS = YES;
			};
			name = Debug;
		};
		TOTO0000000000000000000C /* Release */ = {
			isa = XCBuildConfiguration;
			buildSettings = {
				CODE_SIGN_ENTITLEMENTS = Config/Totogotchi.entitlements;
				CODE_SIGN_IDENTITY = "-";
				CODE_SIGN_STYLE = Manual;
				COMBINE_HIDPI_IMAGES = YES;
				CURRENT_PROJECT_VERSION = 1;
				DEVELOPMENT_TEAM = "";
				ENABLE_HARDENED_RUNTIME = YES;
				GENERATE_INFOPLIST_FILE = YES;
				INFOPLIST_KEY_LSUIElement = YES;
				INFOPLIST_KEY_NSHumanReadableCopyright = "";
				MARKETING_VERSION = 0.1;
				PRODUCT_BUNDLE_IDENTIFIER = com.esauortega.Totogotchi;
				PRODUCT_NAME = "$(TARGET_NAME)";
				SWIFT_EMIT_LOC_STRINGS = YES;
			};
			name = Release;
		};
/* End XCBuildConfiguration section */

/* Begin XCConfigurationList section */
		TOTO00000000000000000007 /* Build configuration list for PBXProject "Totogotchi" */ = {
			isa = XCConfigurationList;
			buildConfigurations = (
				TOTO00000000000000000009 /* Debug */,
				TOTO0000000000000000000A /* Release */,
			);
			defaultConfigurationIsVisible = 0;
			defaultConfigurationName = Release;
		};
		TOTO00000000000000000008 /* Build configuration list for PBXNativeTarget "Totogotchi" */ = {
			isa = XCConfigurationList;
			buildConfigurations = (
				TOTO0000000000000000000B /* Debug */,
				TOTO0000000000000000000C /* Release */,
			);
			defaultConfigurationIsVisible = 0;
			defaultConfigurationName = Release;
		};
/* End XCConfigurationList section */

/* Begin XCLocalSwiftPackageReference section */
		TOTO00000000000000000010 /* XCLocalSwiftPackageReference "TotogotchiCore" */ = {
			isa = XCLocalSwiftPackageReference;
			relativePath = TotogotchiCore;
		};
/* End XCLocalSwiftPackageReference section */

/* Begin XCSwiftPackageProductDependency section */
		TOTO00000000000000000011 /* TotogotchiCore */ = {
			isa = XCSwiftPackageProductDependency;
			productName = TotogotchiCore;
		};
/* End XCSwiftPackageProductDependency section */
	};
	rootObject = TOTO00000000000000000001 /* Project object */;
}
